// !$*UTF8*$!
{
	archiveVersion = 1;
	classes = {
	};
	objectVersion = 56;
	objects = {

/* Begin PBXBuildFile section */
		AA00000000000000000000B1 /* PitchPactApp.swift in Sources */ = {isa = PBXBuildFile; fileRef = AA00000000000000000000A2 /* PitchPactApp.swift */; };
		AA00000000000000000000B6 /* TeamsView.swift in Sources */ = {isa = PBXBuildFile; fileRef = AA00000000000000000000A7 /* TeamsView.swift */; };
		AA00000000000000000000B7 /* TeamDetailView.swift in Sources */ = {isa = PBXBuildFile; fileRef = AA00000000000000000000A8 /* TeamDetailView.swift */; };
		AA00000000000000000000B8 /* TeamStoreFactory.swift in Sources */ = {isa = PBXBuildFile; fileRef = AA00000000000000000000A9 /* TeamStoreFactory.swift */; };
		AA00000000000000000000B9 /* ScheduleView.swift in Sources */ = {isa = PBXBuildFile; fileRef = AA00000000000000000000AB /* ScheduleView.swift */; };
		AA00000000000000000000B10 /* PitchPactTests.swift in Sources */ = {isa = PBXBuildFile; fileRef = AA00000000000000000000A11 /* PitchPactTests.swift */; };
		PBPP0000000000000000000003 /* PitchPactStore in Frameworks */ = {isa = PBXBuildFile; productRef = PBPP0000000000000000000002 /* PitchPactStore */; };
		PBPP0000000000000000000005 /* PitchPactStore in Frameworks */ = {isa = PBXBuildFile; productRef = PBPP0000000000000000000004 /* PitchPactStore */; };
AA00000000000000000000B11 = {isa = PBXBuildFile; fileRef = AA00000000000000000000A12; };
M50000000000000000000001 = {isa = PBXBuildFile; fileRef = M50000000000000000000002; };
M50000000000000000000003 = {isa = PBXBuildFile; fileRef = M50000000000000000000004; };
UI0000000000000000000001 = {isa = PBXBuildFile; fileRef = UI0000000000000000000002; };
/* End PBXBuildFile section */

/* Begin PBXContainerItemProxy section */
		AA00000000000000000000G2 /* PBXContainerItemProxy */ = {
			isa = PBXContainerItemProxy;
			containerPortal = AA00000000000000000000E1 /* Project object */;
			proxyType = 1;
			remoteGlobalIDString = AA00000000000000000000D1;
			remoteInfo = PitchPact;
		};
/* End PBXContainerItemProxy section */

/* Begin PBXFileReference section */
		AA00000000000000000000A1 /* PitchPact.app */ = {isa = PBXFileReference; explicitFileType = wrapper.application; includeInIndex = 0; path = PitchPact.app; sourceTree = BUILT_PRODUCTS_DIR; };
		AA00000000000000000000A2 /* PitchPactApp.swift */ = {isa = PBXFileReference; lastKnownFileType = sourcecode.swift; path = PitchPactApp.swift; sourceTree = "<group>"; };
		AA00000000000000000000A7 /* TeamsView.swift */ = {isa = PBXFileReference; lastKnownFileType = sourcecode.swift; path = TeamsView.swift; sourceTree = "<group>"; };
		AA00000000000000000000A8 /* TeamDetailView.swift */ = {isa = PBXFileReference; lastKnownFileType = sourcecode.swift; path = TeamDetailView.swift; sourceTree = "<group>"; };
		AA00000000000000000000A9 /* TeamStoreFactory.swift */ = {isa = PBXFileReference; lastKnownFileType = sourcecode.swift; path = TeamStoreFactory.swift; sourceTree = "<group>"; };
		AA00000000000000000000AB /* ScheduleView.swift */ = {isa = PBXFileReference; lastKnownFileType = sourcecode.swift; path = ScheduleView.swift; sourceTree = "<group>"; };
		AA00000000000000000000A10 /* PitchPactTests.xctest */ = {isa = PBXFileReference; explicitFileType = wrapper.cfbundle; includeInIndex = 0; path = PitchPactTests.xctest; sourceTree = BUILT_PRODUCTS_DIR; };
		AA00000000000000000000A11 /* PitchPactTests.swift */ = {isa = PBXFileReference; lastKnownFileType = sourcecode.swift; path = PitchPactTests.swift; sourceTree = "<group>"; };
AA00000000000000000000A12 = {isa = PBXFileReference; lastKnownFileType = sourcecode.swift; path = MatchDayView.swift; sourceTree = "<group>"; };
M50000000000000000000002 = {isa = PBXFileReference; lastKnownFileType = sourcecode.swift; path = BroadcastControls.swift; sourceTree = "<group>"; };
M50000000000000000000004 = {isa = PBXFileReference; lastKnownFileType = sourcecode.swift; path = SpectatorView.swift; sourceTree = "<group>"; };
UI0000000000000000000002 = {isa = PBXFileReference; lastKnownFileType = sourcecode.swift; path = PitchPactUITests/MatchDayJourney.swift; sourceTree = "<group>"; };
UI0000000000000000000003 = {isa = PBXFileReference; explicitFileType = wrapper.cfbundle; path = PitchPactUITests.xctest; sourceTree = BUILT_PRODUCTS_DIR; };
/* End PBXFileReference section */

/* Begin PBXFrameworksBuildPhase section */
		AA00000000000000000000B3 /* Frameworks */ = {
			isa = PBXFrameworksBuildPhase;
			buildActionMask = 2147483647;
			files = (
				PBPP0000000000000000000003 /* PitchPactStore in Frameworks */,
			);
			runOnlyForDeploymentPostprocessing = 0;
		};
		AA00000000000000000000E6 /* Frameworks */ = {
			isa = PBXFrameworksBuildPhase;
			buildActionMask = 2147483647;
			files = (
				PBPP0000000000000000000005 /* PitchPactStore in Frameworks */,
			);
			runOnlyForDeploymentPostprocessing = 0;
		};
/* End PBXFrameworksBuildPhase section */

/* Begin PBXGroup section */
		AA00000000000000000000C1 = {
			isa = PBXGroup;
			children = (
				UI0000000000000000000002,
                AA00000000000000000000C3 /* PitchPact */,
				AA00000000000000000000C5 /* PitchPactTests */,
				AA00000000000000000000C4 /* Products */,
			);
			sourceTree = "<group>";
		};
		AA00000000000000000000C3 /* PitchPact */ = {
			isa = PBXGroup;
			children = (
				AA00000000000000000000A2 /* PitchPactApp.swift */,
				AA00000000000000000000A7 /* TeamsView.swift */,
				AA00000000000000000000A8 /* TeamDetailView.swift */,
				AA00000000000000000000A9 /* TeamStoreFactory.swift */,
				AA00000000000000000000AB /* ScheduleView.swift */,
                AA00000000000000000000A12,
                M50000000000000000000002,
                M50000000000000000000004,
			);
			path = PitchPact;
			sourceTree = "<group>";
		};
		AA00000000000000000000C5 /* PitchPactTests */ = {
			isa = PBXGroup;
			children = (
				AA00000000000000000000A11 /* PitchPactTests.swift */,
			);
			path = PitchPactTests;
			sourceTree = "<group>";
		};
		AA00000000000000000000C4 /* Products */ = {
			isa = PBXGroup;
			children = (
				UI0000000000000000000003,
                AA00000000000000000000A1 /* PitchPact.app */,
				AA00000000000000000000A10 /* PitchPactTests.xctest */,
			);
			name = Products;
			sourceTree = "<group>";
		};
/* End PBXGroup section */

/* Begin PBXNativeTarget section */
		AA00000000000000000000D1 /* PitchPact */ = {
			isa = PBXNativeTarget;
			buildConfigurationList = AA00000000000000000000F2 /* Build configuration list for PBXNativeTarget "PitchPact" */;
			buildPhases = (
				AA00000000000000000000B5 /* Embed KMP Framework */,
				AA00000000000000000000B2 /* Sources */,
				AA00000000000000000000B3 /* Frameworks */,
				AA00000000000000000000B4 /* Resources */,
			);
			buildRules = (
			);
			dependencies = (
			);
			name = PitchPact;
			packageProductDependencies = (
				PBPP0000000000000000000002 /* PitchPactStore */,
			);
			productName = PitchPact;
			productReference = AA00000000000000000000A1 /* PitchPact.app */;
			productType = "com.apple.product-type.application";
		};
		AA00000000000000000000D2 /* PitchPactTests */ = {
			isa = PBXNativeTarget;
			buildConfigurationList = AA00000000000000000000F7 /* Build configuration list for PBXNativeTarget "PitchPactTests" */;
			buildPhases = (
				AA00000000000000000000E5 /* Sources */,
				AA00000000000000000000E6 /* Frameworks */,
				AA00000000000000000000E7 /* Resources */,
			);
			buildRules = (
			);
			dependencies = (
				AA00000000000000000000G1 /* PBXTargetDependency */,
			);
			name = PitchPactTests;
			packageProductDependencies = (
				PBPP0000000000000000000004 /* PitchPactStore */,
			);
			productName = PitchPactTests;
			productReference = AA00000000000000000000A10 /* PitchPactTests.xctest */;
			productType = "com.apple.product-type.bundle.unit-test";
		};
UI0000000000000000000004 = {
isa = PBXNativeTarget; buildConfigurationList = UI0000000000000000000005;
buildPhases = (UI0000000000000000000006,); buildRules = (); dependencies = (AA00000000000000000000G1,);
name = PitchPactUITests; productName = PitchPactUITests; productReference = UI0000000000000000000003;
productType = "com.apple.product-type.bundle.ui-testing";
};
/* End PBXNativeTarget section */

/* Begin PBXProject section */
		AA00000000000000000000E1 /* Project object */ = {
			isa = PBXProject;
			attributes = {
				BuildIndependentTargetsInParallel = 1;
				LastSwiftUpdateCheck = 2600;
				LastUpgradeCheck = 2600;
				TargetAttributes = {
                    UI0000000000000000000004 = { CreatedOnToolsVersion = 26.0.1; TestTargetID = AA00000000000000000000D1; };
					AA00000000000000000000D1 = {
						CreatedOnToolsVersion = 26.0.1;
					};
					AA00000000000000000000D2 = {
						CreatedOnToolsVersion = 26.0.1;
						TestTargetID = AA00000000000000000000D1;
					};
				};
			};
			buildConfigurationList = AA00000000000000000000F1 /* Build configuration list for PBXProject "PitchPact" */;
			compatibilityVersion = "Xcode 14.0";
			developmentRegion = en;
			hasScannedForEncodings = 0;
			knownRegions = (
				en,
				Base,
			);
			mainGroup = AA00000000000000000000C1;
			packageReferences = (
				PBPP0000000000000000000001 /* XCLocalSwiftPackageReference "Packages/PitchPactStore" */,
			);
			productRefGroup = AA00000000000000000000C4 /* Products */;
			projectDirPath = "";
			projectRoot = "";
			targets = (
                UI0000000000000000000004,
				AA00000000000000000000D1 /* PitchPact */,
				AA00000000000000000000D2 /* PitchPactTests */,
			);
		};
/* End PBXProject section */

/* Begin PBXResourcesBuildPhase section */
		AA00000000000000000000B4 /* Resources */ = {
			isa = PBXResourcesBuildPhase;
			buildActionMask = 2147483647;
			files = (
			);
			runOnlyForDeploymentPostprocessing = 0;
		};
		AA00000000000000000000E7 /* Resources */ = {
			isa = PBXResourcesBuildPhase;
			buildActionMask = 2147483647;
			files = (
			);
			runOnlyForDeploymentPostprocessing = 0;
		};
/* End PBXResourcesBuildPhase section */

/* Begin PBXShellScriptBuildPhase section */
		AA00000000000000000000B5 /* Embed KMP Framework */ = {
			isa = PBXShellScriptBuildPhase;
			alwaysOutOfDate = 1;
			buildActionMask = 2147483647;
			files = (
			);
			inputFileListPaths = (
			);
			inputPaths = (
			);
			name = "Embed KMP Framework";
			outputFileListPaths = (
			);
			outputPaths = (
			);
			runOnlyForDeploymentPostprocessing = 0;
			shellPath = /bin/sh;
			shellScript = "cd \"$SRCROOT/..\"\n./gradlew :shared:embedAndSignAppleFrameworkForXcode\n";
		};
/* End PBXShellScriptBuildPhase section */

/* Begin PBXSourcesBuildPhase section */
		AA00000000000000000000B2 /* Sources */ = {
			isa = PBXSourcesBuildPhase;
			buildActionMask = 2147483647;
			files = (
				AA00000000000000000000B8 /* TeamStoreFactory.swift in Sources */,
				AA00000000000000000000B9 /* ScheduleView.swift in Sources */,
                AA00000000000000000000B11,
                M50000000000000000000001,
                M50000000000000000000003,
				AA00000000000000000000B6 /* TeamsView.swift in Sources */,
				AA00000000000000000000B1 /* PitchPactApp.swift in Sources */,
				AA00000000000000000000B7 /* TeamDetailView.swift in Sources */,
			);
			runOnlyForDeploymentPostprocessing = 0;
		};
		AA00000000000000000000E5 /* Sources */ = {
			isa = PBXSourcesBuildPhase;
			buildActionMask = 2147483647;
			files = (
				AA00000000000000000000B10 /* PitchPactTests.swift in Sources */,
			);
			runOnlyForDeploymentPostprocessing = 0;
		};
UI0000000000000000000006 = {isa = PBXSourcesBuildPhase; buildActionMask = 2147483647; files = (UI0000000000000000000001,); runOnlyForDeploymentPostprocessing = 0; };
/* End PBXSourcesBuildPhase section */

/* Begin PBXTargetDependency section */
		AA00000000000000000000G1 /* PBXTargetDependency */ = {
			isa = PBXTargetDependency;
			target = AA00000000000000000000D1 /* PitchPact */;
			targetProxy = AA00000000000000000000G2 /* PBXContainerItemProxy */;
		};
/* End PBXTargetDependency section */

/* Begin XCBuildConfiguration section */
		AA00000000000000000000F3 /* Debug */ = {
			isa = XCBuildConfiguration;
			buildSettings = {
				ALWAYS_SEARCH_USER_PATHS = NO;
				CLANG_ENABLE_MODULES = YES;
				COPY_PHASE_STRIP = NO;
				DEBUG_INFORMATION_FORMAT = dwarf;
				ENABLE_STRICT_OBJC_MSGSEND = YES;
				ENABLE_TESTABILITY = YES;
				GCC_DYNAMIC_NO_PIC = NO;
				GCC_OPTIMIZATION_LEVEL = 0;
				IPHONEOS_DEPLOYMENT_TARGET = 26.0;
				MTL_ENABLE_DEBUG_INFO = INCLUDE_SOURCE;
				ONLY_ACTIVE_ARCH = YES;
				SDKROOT = iphoneos;
				SWIFT_ACTIVE_COMPILATION_CONDITIONS = "DEBUG $(inherited)";
				SWIFT_OPTIMIZATION_LEVEL = "-Onone";
				SWIFT_VERSION = 6.0;
				TARGETED_DEVICE_FAMILY = 1;
			};
			name = Debug;
		};
		AA00000000000000000000F4 /* Release */ = {
			isa = XCBuildConfiguration;
			buildSettings = {
				ALWAYS_SEARCH_USER_PATHS = NO;
				CLANG_ENABLE_MODULES = YES;
				COPY_PHASE_STRIP = NO;
				DEBUG_INFORMATION_FORMAT = "dwarf-with-dsym";
				ENABLE_NS_ASSERTIONS = NO;
				ENABLE_STRICT_OBJC_MSGSEND = YES;
				IPHONEOS_DEPLOYMENT_TARGET = 26.0;
				MTL_ENABLE_DEBUG_INFO = NO;
				SDKROOT = iphoneos;
				SWIFT_COMPILATION_MODE = wholemodule;
				SWIFT_VERSION = 6.0;
				TARGETED_DEVICE_FAMILY = 1;
				VALIDATE_PRODUCT = YES;
			};
			name = Release;
		};
		AA00000000000000000000F5 /* Debug */ = {
			isa = XCBuildConfiguration;
			buildSettings = {
				ASSETCATALOG_COMPILER_GENERATE_ASSET_SYMBOLS = NO;
				CODE_SIGN_STYLE = Automatic;
				ENABLE_PREVIEWS = YES;
				ENABLE_USER_SCRIPT_SANDBOXING = NO;
				FRAMEWORK_SEARCH_PATHS = (
					"$(inherited)",
					"$(SRCROOT)/../shared/build/xcode-frameworks/$(CONFIGURATION)/$(SDK_NAME)",
				);
				GENERATE_INFOPLIST_FILE = YES;
				INFOPLIST_KEY_UILaunchScreen_Generation = YES;
				INFOPLIST_KEY_UISupportedInterfaceOrientations = UIInterfaceOrientationPortrait;
				IPHONEOS_DEPLOYMENT_TARGET = 26.0;
				LD_RUNPATH_SEARCH_PATHS = (
					"$(inherited)",
					"@executable_path/Frameworks",
				);
				MARKETING_VERSION = 0.1.0;
				CURRENT_PROJECT_VERSION = 1;
				OTHER_LDFLAGS = ("-framework", "PitchPactShared");
				PRODUCT_BUNDLE_IDENTIFIER = com.infinityball.pitchpact;
				PRODUCT_NAME = "$(TARGET_NAME)";
				SWIFT_EMIT_LOC_STRINGS = YES;
				SWIFT_VERSION = 6.0;
				TARGETED_DEVICE_FAMILY = 1;
			};
			name = Debug;
		};
		AA00000000000000000000F6 /* Release */ = {
			isa = XCBuildConfiguration;
			buildSettings = {
				ASSETCATALOG_COMPILER_GENERATE_ASSET_SYMBOLS = NO;
				CODE_SIGN_STYLE = Automatic;
				ENABLE_USER_SCRIPT_SANDBOXING = NO;
				FRAMEWORK_SEARCH_PATHS = (
					"$(inherited)",
					"$(SRCROOT)/../shared/build/xcode-frameworks/$(CONFIGURATION)/$(SDK_NAME)",
				);
				GENERATE_INFOPLIST_FILE = YES;
				INFOPLIST_KEY_UILaunchScreen_Generation = YES;
				INFOPLIST_KEY_UISupportedInterfaceOrientations = UIInterfaceOrientationPortrait;
				IPHONEOS_DEPLOYMENT_TARGET = 26.0;
				LD_RUNPATH_SEARCH_PATHS = (
					"$(inherited)",
					"@executable_path/Frameworks",
				);
				MARKETING_VERSION = 0.1.0;
				CURRENT_PROJECT_VERSION = 1;
				OTHER_LDFLAGS = ("-framework", "PitchPactShared");
				PRODUCT_BUNDLE_IDENTIFIER = com.infinityball.pitchpact;
				PRODUCT_NAME = "$(TARGET_NAME)";
				SWIFT_EMIT_LOC_STRINGS = YES;
				SWIFT_VERSION = 6.0;
				TARGETED_DEVICE_FAMILY = 1;
			};
			name = Release;
		};
		AA00000000000000000000F8 /* Debug */ = {
			isa = XCBuildConfiguration;
			buildSettings = {
				BUNDLE_LOADER = "$(TEST_HOST)";
				CODE_SIGN_STYLE = Automatic;
				CURRENT_PROJECT_VERSION = 1;
				GENERATE_INFOPLIST_FILE = YES;
				MARKETING_VERSION = 0.1.0;
				PRODUCT_BUNDLE_IDENTIFIER = com.infinityball.pitchpact.tests;
				PRODUCT_NAME = "$(TARGET_NAME)";
				SWIFT_VERSION = 6.0;
				TARGETED_DEVICE_FAMILY = 1;
				TEST_HOST = "$(BUILT_PRODUCTS_DIR)/PitchPact.app/$(BUNDLE_EXECUTABLE_FOLDER_PATH)/PitchPact";
			};
			name = Debug;
		};
		AA00000000000000000000F9 /* Release */ = {
			isa = XCBuildConfiguration;
			buildSettings = {
				BUNDLE_LOADER = "$(TEST_HOST)";
				CODE_SIGN_STYLE = Automatic;
				CURRENT_PROJECT_VERSION = 1;
				GENERATE_INFOPLIST_FILE = YES;
				MARKETING_VERSION = 0.1.0;
				PRODUCT_BUNDLE_IDENTIFIER = com.infinityball.pitchpact.tests;
				PRODUCT_NAME = "$(TARGET_NAME)";
				SWIFT_VERSION = 6.0;
				TARGETED_DEVICE_FAMILY = 1;
				TEST_HOST = "$(BUILT_PRODUCTS_DIR)/PitchPact.app/$(BUNDLE_EXECUTABLE_FOLDER_PATH)/PitchPact";
			};
			name = Release;
		};
UI0000000000000000000007 = {isa = XCBuildConfiguration; buildSettings = {
CODE_SIGN_STYLE = Automatic; GENERATE_INFOPLIST_FILE = YES;
PRODUCT_BUNDLE_IDENTIFIER = com.infinityball.pitchpact.uitests;
PRODUCT_NAME = "$(TARGET_NAME)"; SWIFT_VERSION = 6.0; TARGETED_DEVICE_FAMILY = 1;
IPHONEOS_DEPLOYMENT_TARGET = 26.0; TEST_TARGET_NAME = PitchPact;
}; name = Debug; };
UI0000000000000000000008 = {isa = XCBuildConfiguration; buildSettings = {
CODE_SIGN_STYLE = Automatic; GENERATE_INFOPLIST_FILE = YES;
PRODUCT_BUNDLE_IDENTIFIER = com.infinityball.pitchpact.uitests;
PRODUCT_NAME = "$(TARGET_NAME)"; SWIFT_VERSION = 6.0; TARGETED_DEVICE_FAMILY = 1;
IPHONEOS_DEPLOYMENT_TARGET = 26.0; TEST_TARGET_NAME = PitchPact;
}; name = Release; };
/* End XCBuildConfiguration section */

/* Begin XCConfigurationList section */
		AA00000000000000000000F1 /* Build configuration list for PBXProject "PitchPact" */ = {
			isa = XCConfigurationList;
			buildConfigurations = (
				AA00000000000000000000F3 /* Debug */,
				AA00000000000000000000F4 /* Release */,
			);
			defaultConfigurationIsVisible = 0;
			defaultConfigurationName = Release;
		};
		AA00000000000000000000F2 /* Build configuration list for PBXNativeTarget "PitchPact" */ = {
			isa = XCConfigurationList;
			buildConfigurations = (
				AA00000000000000000000F5 /* Debug */,
				AA00000000000000000000F6 /* Release */,
			);
			defaultConfigurationIsVisible = 0;
			defaultConfigurationName = Release;
		};
		AA00000000000000000000F7 /* Build configuration list for PBXNativeTarget "PitchPactTests" */ = {
			isa = XCConfigurationList;
			buildConfigurations = (
				AA00000000000000000000F8 /* Debug */,
				AA00000000000000000000F9 /* Release */,
			);
			defaultConfigurationIsVisible = 0;
			defaultConfigurationName = Release;
		};
UI0000000000000000000005 = {isa = XCConfigurationList; buildConfigurations = (UI0000000000000000000007, UI0000000000000000000008,); defaultConfigurationIsVisible = 0; defaultConfigurationName = Release; };
/* End XCConfigurationList section */

/* Begin XCLocalSwiftPackageReference section */
		PBPP0000000000000000000001 /* XCLocalSwiftPackageReference "Packages/PitchPactStore" */ = {
			isa = XCLocalSwiftPackageReference;
			relativePath = ../Packages/PitchPactStore;
		};
/* End XCLocalSwiftPackageReference section */

/* Begin XCSwiftPackageProductDependency section */
		PBPP0000000000000000000002 /* PitchPactStore */ = {
			isa = XCSwiftPackageProductDependency;
			productName = PitchPactStore;
		};
		PBPP0000000000000000000004 /* PitchPactStore */ = {
			isa = XCSwiftPackageProductDependency;
			productName = PitchPactStore;
		};
/* End XCSwiftPackageProductDependency section */
	};
	rootObject = AA00000000000000000000E1 /* Project object */;
}
